{
  "object": {
    "pins": [
      {
        "package": "TealiumSwift",
        "repositoryURL": "https://github.com/Tealium/tealium-swift",
        "state": {
          "branch": null,
          "revision": "4adff4ae660befb52d080bfb514f69a70145f853",
          "version": "2.8.1"
        }
      }
    ]
  },
  "version": 1
}
