{
  "pins" : [
    {
      "identity" : "tealium-swift",
      "kind" : "remoteSourceControl",
      "location" : "https://github.com/Tealium/tealium-swift.git",
      "state" : {
        "branch" : "mt-1086",
        "revision" : "2cfc6e1c5022fb72ef331f16b2801ee44f91e063"
      }
    }
  ],
  "version" : 2
}
