{
  "object": {
    "pins": [
      {
        "package": "TealiumSwift",
        "repositoryURL": "https://github.com/Tealium/tealium-swift.git",
        "state": {
          "branch": null,
          "revision": "2591e46f36ac9c10970da2ad2df835078e574a19",
          "version": "2.3.0"
        }
      }
    ]
  },
  "version": 1
}
