{
  "pins" : [
    {
      "identity" : "tealium-swift",
      "kind" : "remoteSourceControl",
      "location" : "https://github.com/Tealium/tealium-swift.git",
      "state" : {
        "branch" : "mt-1086bis",
        "revision" : "336fe435f67cbc79a61c189aabe36b6eac53820e"
      }
    }
  ],
  "version" : 2
}
