PODS:
  - tealium-swift (2.12.2):
    - tealium-swift/TealiumFull (= 2.12.2)
  - tealium-swift/Core (2.12.2)
  - tealium-swift/TealiumFull (2.12.2)
  - TealiumAdobeVisitorAPI (1.2.0):
    - tealium-swift/Core (~> 2.12)

DEPENDENCIES:
  - tealium-swift
  - TealiumAdobeVisitorAPI (from `../`)

SPEC REPOS:
  trunk:
    - tealium-swift

EXTERNAL SOURCES:
  TealiumAdobeVisitorAPI:
    :path: "../"

SPEC CHECKSUMS:
  tealium-swift: 4b7e3dda42d7c1de6acb769abad9920346d17d43
  TealiumAdobeVisitorAPI: dd487f3e130829a15b9cdc7de7b2841a200214e2

PODFILE CHECKSUM: 573118bb8b16cae0141c799df5c5978739f00e78

COCOAPODS: 1.15.2
