PODS:
  - tealium-swift (2.10.0):
    - tealium-swift/TealiumFull (= 2.10.0)
  - tealium-swift/Core (2.10.0)
  - tealium-swift/TealiumFull (2.10.0)
  - TealiumAdobeVisitorAPI (1.1.0):
    - tealium-swift/Core (~> 2.8)

DEPENDENCIES:
  - tealium-swift
  - TealiumAdobeVisitorAPI (from `../`)

SPEC REPOS:
  trunk:
    - tealium-swift

EXTERNAL SOURCES:
  TealiumAdobeVisitorAPI:
    :path: "../"

SPEC CHECKSUMS:
  tealium-swift: 92ac60201de69b342ecc2d52e2207796cf936cf8
  TealiumAdobeVisitorAPI: 461c387286df99cb17ffb342a56b02d852978240

PODFILE CHECKSUM: 70e6a128646718659958245d65e8ae532d260e60

COCOAPODS: 1.12.1
