PODS:
  - tealium-swift (2.7.0):
    - tealium-swift/TealiumFull (= 2.7.0)
  - tealium-swift/Core (2.7.0)
  - tealium-swift/TealiumFull (2.7.0)
  - TealiumAdobeVisitorAPI (1.1.0):
    - tealium-swift/Core (~> 2.6)

DEPENDENCIES:
  - tealium-swift (from `https://github.com/Tealium/tealium-swift.git`, branch `mt-1086bis`)
  - TealiumAdobeVisitorAPI (from `../../`)

EXTERNAL SOURCES:
  tealium-swift:
    :branch: mt-1086bis
    :git: https://github.com/Tealium/tealium-swift.git
  TealiumAdobeVisitorAPI:
    :path: "../../"

CHECKOUT OPTIONS:
  tealium-swift:
    :commit: a2db5f7f7c7ff79df7d080c2d38337d3cc71fb71
    :git: https://github.com/Tealium/tealium-swift.git

SPEC CHECKSUMS:
  tealium-swift: da6605540fc647f795932de24a17e031f73ae943
  TealiumAdobeVisitorAPI: 00903f673a5330a3df94f300446093cc47718007

PODFILE CHECKSUM: ca19bffdbc7fd9b52449da1fdc801a68395e2d84

COCOAPODS: 1.11.2
