PODS:
  - tealium-swift/Core (2.8.0)
  - TealiumAdobeVisitorAPI (1.1.0):
    - tealium-swift/Core (~> 2.8)

DEPENDENCIES:
  - TealiumAdobeVisitorAPI (from `../../`)

SPEC REPOS:
  trunk:
    - tealium-swift

EXTERNAL SOURCES:
  TealiumAdobeVisitorAPI:
    :path: "../../"

SPEC CHECKSUMS:
  tealium-swift: d829b29f595dd1334e7e00243d82d40c261327f1
  TealiumAdobeVisitorAPI: d85c0504049ac37a8034a64fa18e4bce8f193d0b

PODFILE CHECKSUM: bbbccb8e16ba6962dce0bcfe4036ed31641dc211

COCOAPODS: 1.11.2
