PODS:
  - tealium-swift (2.3.0):
    - tealium-swift/TealiumFull (= 2.3.0)
  - tealium-swift/Core (2.3.0)
  - tealium-swift/TealiumFull (2.3.0)
  - TealiumAdobeVisitorAPI (1.0.0):
    - tealium-swift/Core (~> 2.1)

DEPENDENCIES:
  - tealium-swift (= 2.3.0)
  - TealiumAdobeVisitorAPI (from `../../`)

SPEC REPOS:
  trunk:
    - tealium-swift

EXTERNAL SOURCES:
  TealiumAdobeVisitorAPI:
    :path: "../../"

SPEC CHECKSUMS:
  tealium-swift: 0ac0619ba94316f3e943751e50157d7bb996b462
  TealiumAdobeVisitorAPI: e85ccdca1190fd8289ea9151c18e7956fa0b6a78

PODFILE CHECKSUM: 24cea7364190dc8376321d870089ce18396d62fe

COCOAPODS: 1.10.1
